
Microsoft Visual Studio Solution File, Format Version 12.00
# Visual Studio 15
VisualStudioVersion = 15.0.26124.0
MinimumVisualStudioVersion = 15.0.26124.0
Project("{2150E333-8FDC-42A3-9474-1A3956D46DE8}") = "Api", "Api", "{0BB8CCB6-55DF-4597-8017-85BC96025D9E}"
EndProject
Project("{2150E333-8FDC-42A3-9474-1A3956D46DE8}") = "Web", "Web", "{F6BF6EC3-13AD-4A5A-92BF-B3130AB4F3CA}"
EndProject
Project("{2150E333-8FDC-42A3-9474-1A3956D46DE8}") = "Data", "Data", "{0DB93FB1-6455-48E5-A9B6-0FB7E32E84AA}"
EndProject
Project("{2150E333-8FDC-42A3-9474-1A3956D46DE8}") = "Shared", "Shared", "{E5756CB4-E4C2-4986-88D7-703B59130880}"
EndProject
Project("{FAE04EC0-301F-11D3-BF4B-00C04F79EFBC}") = "MundoFinanceiro.Database", "Data\MundoFinanceiro.Database\MundoFinanceiro.Database.csproj", "{2E776BC4-781D-4759-81E8-527785FA4FD0}"
EndProject
Project("{FAE04EC0-301F-11D3-BF4B-00C04F79EFBC}") = "MundoFinanceiro.Api", "Api\MundoFinanceiro.Api\MundoFinanceiro.Api.csproj", "{7FDDA9EC-92DA-47B2-A9A4-BAF253844F39}"
EndProject
Project("{FAE04EC0-301F-11D3-BF4B-00C04F79EFBC}") = "MundoFinanceiro.Shared", "Shared\MundoFinanceiro.Shared\MundoFinanceiro.Shared.csproj", "{EC9F20F3-09F2-4410-B067-B3AC01F0DC63}"
EndProject
Project("{FAE04EC0-301F-11D3-BF4B-00C04F79EFBC}") = "MundoFinanceiro.Web", "Web\MundoFinanceiro.Web\MundoFinanceiro.Web.csproj", "{5D89AF65-6DDD-4B12-9885-DD633929FD72}"
EndProject
Project("{FAE04EC0-301F-11D3-BF4B-00C04F79EFBC}") = "MundoFinanceiro.Crawler", "Data\MundoFinanceiro.Crawler\MundoFinanceiro.Crawler.csproj", "{DEAE072F-2683-465D-A485-D45F3B2A9E0C}"
EndProject
Project("{FAE04EC0-301F-11D3-BF4B-00C04F79EFBC}") = "MundoFinanceiro.Replicacao", "Data\MundoFinanceiro.Replicacao\MundoFinanceiro.Replicacao.csproj", "{A797AEE3-0DA6-4125-B7D6-E0C1317E91E0}"
EndProject
Global
	GlobalSection(SolutionConfigurationPlatforms) = preSolution
		Debug|Any CPU = Debug|Any CPU
		Debug|x64 = Debug|x64
		Debug|x86 = Debug|x86
		Release|Any CPU = Release|Any CPU
		Release|x64 = Release|x64
		Release|x86 = Release|x86
	EndGlobalSection
	GlobalSection(SolutionProperties) = preSolution
		HideSolutionNode = FALSE
	EndGlobalSection
	GlobalSection(NestedProjects) = preSolution
		{2E776BC4-781D-4759-81E8-527785FA4FD0} = {0DB93FB1-6455-48E5-A9B6-0FB7E32E84AA}
		{7FDDA9EC-92DA-47B2-A9A4-BAF253844F39} = {0BB8CCB6-55DF-4597-8017-85BC96025D9E}
		{EC9F20F3-09F2-4410-B067-B3AC01F0DC63} = {E5756CB4-E4C2-4986-88D7-703B59130880}
		{5D89AF65-6DDD-4B12-9885-DD633929FD72} = {F6BF6EC3-13AD-4A5A-92BF-B3130AB4F3CA}
		{DEAE072F-2683-465D-A485-D45F3B2A9E0C} = {0DB93FB1-6455-48E5-A9B6-0FB7E32E84AA}
		{A797AEE3-0DA6-4125-B7D6-E0C1317E91E0} = {0DB93FB1-6455-48E5-A9B6-0FB7E32E84AA}
	EndGlobalSection
	GlobalSection(ProjectConfigurationPlatforms) = postSolution
		{2E776BC4-781D-4759-81E8-527785FA4FD0}.Debug|Any CPU.ActiveCfg = Debug|Any CPU
		{2E776BC4-781D-4759-81E8-527785FA4FD0}.Debug|Any CPU.Build.0 = Debug|Any CPU
		{2E776BC4-781D-4759-81E8-527785FA4FD0}.Debug|x64.ActiveCfg = Debug|Any CPU
		{2E776BC4-781D-4759-81E8-527785FA4FD0}.Debug|x64.Build.0 = Debug|Any CPU
		{2E776BC4-781D-4759-81E8-527785FA4FD0}.Debug|x86.ActiveCfg = Debug|Any CPU
		{2E776BC4-781D-4759-81E8-527785FA4FD0}.Debug|x86.Build.0 = Debug|Any CPU
		{2E776BC4-781D-4759-81E8-527785FA4FD0}.Release|Any CPU.ActiveCfg = Release|Any CPU
		{2E776BC4-781D-4759-81E8-527785FA4FD0}.Release|Any CPU.Build.0 = Release|Any CPU
		{2E776BC4-781D-4759-81E8-527785FA4FD0}.Release|x64.ActiveCfg = Release|Any CPU
		{2E776BC4-781D-4759-81E8-527785FA4FD0}.Release|x64.Build.0 = Release|Any CPU
		{2E776BC4-781D-4759-81E8-527785FA4FD0}.Release|x86.ActiveCfg = Release|Any CPU
		{2E776BC4-781D-4759-81E8-527785FA4FD0}.Release|x86.Build.0 = Release|Any CPU
		{7FDDA9EC-92DA-47B2-A9A4-BAF253844F39}.Debug|Any CPU.ActiveCfg = Debug|Any CPU
		{7FDDA9EC-92DA-47B2-A9A4-BAF253844F39}.Debug|Any CPU.Build.0 = Debug|Any CPU
		{7FDDA9EC-92DA-47B2-A9A4-BAF253844F39}.Debug|x64.ActiveCfg = Debug|Any CPU
		{7FDDA9EC-92DA-47B2-A9A4-BAF253844F39}.Debug|x64.Build.0 = Debug|Any CPU
		{7FDDA9EC-92DA-47B2-A9A4-BAF253844F39}.Debug|x86.ActiveCfg = Debug|Any CPU
		{7FDDA9EC-92DA-47B2-A9A4-BAF253844F39}.Debug|x86.Build.0 = Debug|Any CPU
		{7FDDA9EC-92DA-47B2-A9A4-BAF253844F39}.Release|Any CPU.ActiveCfg = Release|Any CPU
		{7FDDA9EC-92DA-47B2-A9A4-BAF253844F39}.Release|Any CPU.Build.0 = Release|Any CPU
		{7FDDA9EC-92DA-47B2-A9A4-BAF253844F39}.Release|x64.ActiveCfg = Release|Any CPU
		{7FDDA9EC-92DA-47B2-A9A4-BAF253844F39}.Release|x64.Build.0 = Release|Any CPU
		{7FDDA9EC-92DA-47B2-A9A4-BAF253844F39}.Release|x86.ActiveCfg = Release|Any CPU
		{7FDDA9EC-92DA-47B2-A9A4-BAF253844F39}.Release|x86.Build.0 = Release|Any CPU
		{EC9F20F3-09F2-4410-B067-B3AC01F0DC63}.Debug|Any CPU.ActiveCfg = Debug|Any CPU
		{EC9F20F3-09F2-4410-B067-B3AC01F0DC63}.Debug|Any CPU.Build.0 = Debug|Any CPU
		{EC9F20F3-09F2-4410-B067-B3AC01F0DC63}.Debug|x64.ActiveCfg = Debug|Any CPU
		{EC9F20F3-09F2-4410-B067-B3AC01F0DC63}.Debug|x64.Build.0 = Debug|Any CPU
		{EC9F20F3-09F2-4410-B067-B3AC01F0DC63}.Debug|x86.ActiveCfg = Debug|Any CPU
		{EC9F20F3-09F2-4410-B067-B3AC01F0DC63}.Debug|x86.Build.0 = Debug|Any CPU
		{EC9F20F3-09F2-4410-B067-B3AC01F0DC63}.Release|Any CPU.ActiveCfg = Release|Any CPU
		{EC9F20F3-09F2-4410-B067-B3AC01F0DC63}.Release|Any CPU.Build.0 = Release|Any CPU
		{EC9F20F3-09F2-4410-B067-B3AC01F0DC63}.Release|x64.ActiveCfg = Release|Any CPU
		{EC9F20F3-09F2-4410-B067-B3AC01F0DC63}.Release|x64.Build.0 = Release|Any CPU
		{EC9F20F3-09F2-4410-B067-B3AC01F0DC63}.Release|x86.ActiveCfg = Release|Any CPU
		{EC9F20F3-09F2-4410-B067-B3AC01F0DC63}.Release|x86.Build.0 = Release|Any CPU
		{5D89AF65-6DDD-4B12-9885-DD633929FD72}.Debug|Any CPU.ActiveCfg = Debug|Any CPU
		{5D89AF65-6DDD-4B12-9885-DD633929FD72}.Debug|Any CPU.Build.0 = Debug|Any CPU
		{5D89AF65-6DDD-4B12-9885-DD633929FD72}.Debug|x64.ActiveCfg = Debug|Any CPU
		{5D89AF65-6DDD-4B12-9885-DD633929FD72}.Debug|x64.Build.0 = Debug|Any CPU
		{5D89AF65-6DDD-4B12-9885-DD633929FD72}.Debug|x86.ActiveCfg = Debug|Any CPU
		{5D89AF65-6DDD-4B12-9885-DD633929FD72}.Debug|x86.Build.0 = Debug|Any CPU
		{5D89AF65-6DDD-4B12-9885-DD633929FD72}.Release|Any CPU.ActiveCfg = Release|Any CPU
		{5D89AF65-6DDD-4B12-9885-DD633929FD72}.Release|Any CPU.Build.0 = Release|Any CPU
		{5D89AF65-6DDD-4B12-9885-DD633929FD72}.Release|x64.ActiveCfg = Release|Any CPU
		{5D89AF65-6DDD-4B12-9885-DD633929FD72}.Release|x64.Build.0 = Release|Any CPU
		{5D89AF65-6DDD-4B12-9885-DD633929FD72}.Release|x86.ActiveCfg = Release|Any CPU
		{5D89AF65-6DDD-4B12-9885-DD633929FD72}.Release|x86.Build.0 = Release|Any CPU
		{DEAE072F-2683-465D-A485-D45F3B2A9E0C}.Debug|Any CPU.ActiveCfg = Debug|Any CPU
		{DEAE072F-2683-465D-A485-D45F3B2A9E0C}.Debug|Any CPU.Build.0 = Debug|Any CPU
		{DEAE072F-2683-465D-A485-D45F3B2A9E0C}.Debug|x64.ActiveCfg = Debug|Any CPU
		{DEAE072F-2683-465D-A485-D45F3B2A9E0C}.Debug|x64.Build.0 = Debug|Any CPU
		{DEAE072F-2683-465D-A485-D45F3B2A9E0C}.Debug|x86.ActiveCfg = Debug|Any CPU
		{DEAE072F-2683-465D-A485-D45F3B2A9E0C}.Debug|x86.Build.0 = Debug|Any CPU
		{DEAE072F-2683-465D-A485-D45F3B2A9E0C}.Release|Any CPU.ActiveCfg = Release|Any CPU
		{DEAE072F-2683-465D-A485-D45F3B2A9E0C}.Release|Any CPU.Build.0 = Release|Any CPU
		{DEAE072F-2683-465D-A485-D45F3B2A9E0C}.Release|x64.ActiveCfg = Release|Any CPU
		{DEAE072F-2683-465D-A485-D45F3B2A9E0C}.Release|x64.Build.0 = Release|Any CPU
		{DEAE072F-2683-465D-A485-D45F3B2A9E0C}.Release|x86.ActiveCfg = Release|Any CPU
		{DEAE072F-2683-465D-A485-D45F3B2A9E0C}.Release|x86.Build.0 = Release|Any CPU
		{A797AEE3-0DA6-4125-B7D6-E0C1317E91E0}.Debug|Any CPU.ActiveCfg = Debug|Any CPU
		{A797AEE3-0DA6-4125-B7D6-E0C1317E91E0}.Debug|Any CPU.Build.0 = Debug|Any CPU
		{A797AEE3-0DA6-4125-B7D6-E0C1317E91E0}.Debug|x64.ActiveCfg = Debug|Any CPU
		{A797AEE3-0DA6-4125-B7D6-E0C1317E91E0}.Debug|x64.Build.0 = Debug|Any CPU
		{A797AEE3-0DA6-4125-B7D6-E0C1317E91E0}.Debug|x86.ActiveCfg = Debug|Any CPU
		{A797AEE3-0DA6-4125-B7D6-E0C1317E91E0}.Debug|x86.Build.0 = Debug|Any CPU
		{A797AEE3-0DA6-4125-B7D6-E0C1317E91E0}.Release|Any CPU.ActiveCfg = Release|Any CPU
		{A797AEE3-0DA6-4125-B7D6-E0C1317E91E0}.Release|Any CPU.Build.0 = Release|Any CPU
		{A797AEE3-0DA6-4125-B7D6-E0C1317E91E0}.Release|x64.ActiveCfg = Release|Any CPU
		{A797AEE3-0DA6-4125-B7D6-E0C1317E91E0}.Release|x64.Build.0 = Release|Any CPU
		{A797AEE3-0DA6-4125-B7D6-E0C1317E91E0}.Release|x86.ActiveCfg = Release|Any CPU
		{A797AEE3-0DA6-4125-B7D6-E0C1317E91E0}.Release|x86.Build.0 = Release|Any CPU
	EndGlobalSection
EndGlobal
